// !$*UTF8*$!
{
	archiveVersion = 1;
	classes = {
	};
	objectVersion = 46;
	objects = {

/* Begin PBXBuildFile section */
		1A9A0024B9B75236BAB9CB97 /* Default.png in Resources */ = {isa = PBXBuildFile; fileRef = 1A9A01FAEB437DA940BE21D3 /* Default.png */; };
		1A9A00C730EE4ED0A8DB6525 /* VKCachedData.m in Sources */ = {isa = PBXBuildFile; fileRef = 1A9A0D112F6CAF510A9ADBB8 /* VKCachedData.m */; };
		1A9A0112F366DE8432FF23CE /* NSString+MD5.m in Sources */ = {isa = PBXBuildFile; fileRef = 1A9A01A646C80EBAB91B47DC /* NSString+MD5.m */; };
		1A9A011E8C185DA69EC94598 /* VKConnector.m in Sources */ = {isa = PBXBuildFile; fileRef = 1A9A07D8CDD07F73FC5F8543 /* VKConnector.m */; };
		1A9A0162E5128362355B2120 /* TestVKAccessToken.m in Sources */ = {isa = PBXBuildFile; fileRef = 1A9A0C8FF91D8F22139BB4D7 /* TestVKAccessToken.m */; };
		1A9A017C66A945A072C9BD11 /* NSString+encodeURL.m in Sources */ = {isa = PBXBuildFile; fileRef = 1A9A0D81099D4EA4D9E7F018 /* NSString+encodeURL.m */; };
		1A9A0195EDAB653A84BAD551 /* NSData+toBase64.m in Sources */ = {isa = PBXBuildFile; fileRef = 1A9A0408BCE7970F71316B48 /* NSData+toBase64.m */; };
		1A9A0200AD5816516AD241E0 /* VKRequest.m in Sources */ = {isa = PBXBuildFile; fileRef = 1A9A096E26F4B35033B4ED42 /* VKRequest.m */; };
		1A9A02598E50190CB66C637D /* Default@2x.png in Resources */ = {isa = PBXBuildFile; fileRef = 1A9A0C59427298DCF6A6DD29 /* Default@2x.png */; };
		1A9A025ECA97FABED01E422B /* VKRequest.m in Sources */ = {isa = PBXBuildFile; fileRef = 1A9A096E26F4B35033B4ED42 /* VKRequest.m */; };
		1A9A0356CF04E23A19A1C5C7 /* QuartzCore.framework in Frameworks */ = {isa = PBXBuildFile; fileRef = 1A9A0019D60C4FB08AA755A3 /* QuartzCore.framework */; };
		1A9A035C982044EF0B44E60E /* VKStorageItem.m in Sources */ = {isa = PBXBuildFile; fileRef = 1A9A012B64B363BA7A308645 /* VKStorageItem.m */; };
		1A9A03BCFC95A21B0D4FD1D1 /* NSData+toBase64.m in Sources */ = {isa = PBXBuildFile; fileRef = 1A9A0408BCE7970F71316B48 /* NSData+toBase64.m */; };
		1A9A03C1A66511E10B16ADCA /* InfoPlist.strings in Resources */ = {isa = PBXBuildFile; fileRef = 1A9A00DD76AA04D361325C54 /* InfoPlist.strings */; };
		1A9A04615900D2E450BD829D /* VKAccessToken.m in Sources */ = {isa = PBXBuildFile; fileRef = 1A9A04A8D58F872181133C3A /* VKAccessToken.m */; };
		1A9A04B67B72604599DECBBD /* VKCachedData.m in Sources */ = {isa = PBXBuildFile; fileRef = 1A9A0D112F6CAF510A9ADBB8 /* VKCachedData.m */; };
		1A9A058FF7FE0FA0F58D4F4F /* VKAccessToken.m in Sources */ = {isa = PBXBuildFile; fileRef = 1A9A04A8D58F872181133C3A /* VKAccessToken.m */; };
		1A9A05DBC911C4E812F0860F /* VKStorage.m in Sources */ = {isa = PBXBuildFile; fileRef = 1A9A0ED960905FE7D74CEFF7 /* VKStorage.m */; };
		1A9A07A0D75CBCE103974F9E /* VKStorageItem.m in Sources */ = {isa = PBXBuildFile; fileRef = 1A9A012B64B363BA7A308645 /* VKStorageItem.m */; };
		1A9A08311C09A7CF4887B5E5 /* TestVKStorage.m in Sources */ = {isa = PBXBuildFile; fileRef = 1A9A0377E703BB3407CC9A12 /* TestVKStorage.m */; };
		1A9A0840C8E21B123B54E64A /* VKUser.m in Sources */ = {isa = PBXBuildFile; fileRef = 1A9A04BCFA39A5A8BC40DAFD /* VKUser.m */; };
		1A9A092DB24511CF6627EA72 /* VKUser.m in Sources */ = {isa = PBXBuildFile; fileRef = 1A9A04BCFA39A5A8BC40DAFD /* VKUser.m */; };
		1A9A097D690011CE4A2E4E3B /* ASAViewController.xib in Resources */ = {isa = PBXBuildFile; fileRef = 1A9A00094B3E2A8AD54E023E /* ASAViewController.xib */; };
		1A9A09A00CEB8B8E324E1FC2 /* NSString+toBase64.m in Sources */ = {isa = PBXBuildFile; fileRef = 1A9A09184C65874073214DF2 /* NSString+toBase64.m */; };
		1A9A09B3B79A22F26C2ACB6D /* ASAAppDelegate.m in Sources */ = {isa = PBXBuildFile; fileRef = 1A9A086C5F5EEDC2CBB27DE4 /* ASAAppDelegate.m */; };
		1A9A0A4D2216BBB5CD07A829 /* TestVKCachedData.m in Sources */ = {isa = PBXBuildFile; fileRef = 1A9A0D67B051B072C5311A86 /* TestVKCachedData.m */; };
		1A9A0A859D68C8CBF343123F /* VKStorage.m in Sources */ = {isa = PBXBuildFile; fileRef = 1A9A0ED960905FE7D74CEFF7 /* VKStorage.m */; };
		1A9A0B5774848F2DD67471E0 /* UIKit.framework in Frameworks */ = {isa = PBXBuildFile; fileRef = 1A9A0D576F77FB86579EDC64 /* UIKit.framework */; };
		1A9A0BCA16D4DA5C0D2EC755 /* Foundation.framework in Frameworks */ = {isa = PBXBuildFile; fileRef = 1A9A096027F402AF6A3D38C1 /* Foundation.framework */; };
		1A9A0CC746ED5FDCCDB20B8D /* NSString+toBase64.m in Sources */ = {isa = PBXBuildFile; fileRef = 1A9A09184C65874073214DF2 /* NSString+toBase64.m */; };
		1A9A0D1D50A7272663B5CC7E /* TestVKStorageItem.m in Sources */ = {isa = PBXBuildFile; fileRef = 1A9A02958D9F6402A11822A1 /* TestVKStorageItem.m */; };
		1A9A0D5EAE2CE21BC15FFBF7 /* ASAViewController.m in Sources */ = {isa = PBXBuildFile; fileRef = 1A9A01D617DF81896B8D4019 /* ASAViewController.m */; };
		1A9A0DB10B41CF64A4C1D9BF /* NSString+encodeURL.m in Sources */ = {isa = PBXBuildFile; fileRef = 1A9A0D81099D4EA4D9E7F018 /* NSString+encodeURL.m */; };
		1A9A0DD47515F95ADAEF3A8C /* VKModal.m in Sources */ = {isa = PBXBuildFile; fileRef = 1A9A06EE15EF6ED3A67FF340 /* VKModal.m */; };
		1A9A0DECA8CD7142178AB79C /* NSString+MD5.m in Sources */ = {isa = PBXBuildFile; fileRef = 1A9A01A646C80EBAB91B47DC /* NSString+MD5.m */; };
		1A9A0ED27FA326205D40FB0B /* Default-568h@2x.png in Resources */ = {isa = PBXBuildFile; fileRef = 1A9A004BA1AEEDFB323F1BF1 /* Default-568h@2x.png */; };
		1A9A0F1A3CFAD1E514FB7238 /* main.m in Sources */ = {isa = PBXBuildFile; fileRef = 1A9A09C122E5CF36FD9674B8 /* main.m */; };
		1A9A0FE389977F4F8BD62717 /* CoreGraphics.framework in Frameworks */ = {isa = PBXBuildFile; fileRef = 1A9A0B261588ADDCB3B78A56 /* CoreGraphics.framework */; };
		D574AC77177DF3D900DC36F9 /* UIKit.framework in Frameworks */ = {isa = PBXBuildFile; fileRef = 1A9A0D576F77FB86579EDC64 /* UIKit.framework */; };
		D574AC78177DF3D900DC36F9 /* Foundation.framework in Frameworks */ = {isa = PBXBuildFile; fileRef = 1A9A096027F402AF6A3D38C1 /* Foundation.framework */; };
		D574AC79177DF3D900DC36F9 /* CoreGraphics.framework in Frameworks */ = {isa = PBXBuildFile; fileRef = 1A9A0B261588ADDCB3B78A56 /* CoreGraphics.framework */; };
		D574AC7F177DF3D900DC36F9 /* InfoPlist.strings in Resources */ = {isa = PBXBuildFile; fileRef = D574AC7D177DF3D900DC36F9 /* InfoPlist.strings */; };
		D574AC81177DF3D900DC36F9 /* main.m in Sources */ = {isa = PBXBuildFile; fileRef = D574AC80177DF3D900DC36F9 /* main.m */; };
		D574AC85177DF3D900DC36F9 /* AppDelegate.m in Sources */ = {isa = PBXBuildFile; fileRef = D574AC84177DF3D900DC36F9 /* AppDelegate.m */; };
		D574AC87177DF3D900DC36F9 /* Default.png in Resources */ = {isa = PBXBuildFile; fileRef = D574AC86177DF3D900DC36F9 /* Default.png */; };
		D574AC89177DF3D900DC36F9 /* Default@2x.png in Resources */ = {isa = PBXBuildFile; fileRef = D574AC88177DF3D900DC36F9 /* Default@2x.png */; };
		D574AC8B177DF3D900DC36F9 /* Default-568h@2x.png in Resources */ = {isa = PBXBuildFile; fileRef = D574AC8A177DF3D900DC36F9 /* Default-568h@2x.png */; };
		D5F19C61177EDF8E005C49F7 /* SenTestingKit.framework in Frameworks */ = {isa = PBXBuildFile; fileRef = D52DDC8E177EDDAF00E05B30 /* SenTestingKit.framework */; };
		D5F19C62177EDF8E005C49F7 /* UIKit.framework in Frameworks */ = {isa = PBXBuildFile; fileRef = 1A9A0D576F77FB86579EDC64 /* UIKit.framework */; };
		D5F19C63177EDF8E005C49F7 /* Foundation.framework in Frameworks */ = {isa = PBXBuildFile; fileRef = 1A9A096027F402AF6A3D38C1 /* Foundation.framework */; };
		D5F19C69177EDF8E005C49F7 /* InfoPlist.strings in Resources */ = {isa = PBXBuildFile; fileRef = D5F19C67177EDF8E005C49F7 /* InfoPlist.strings */; };
/* End PBXBuildFile section */

/* Begin PBXFileReference section */
		1A9A0019D60C4FB08AA755A3 /* QuartzCore.framework */ = {isa = PBXFileReference; lastKnownFileType = wrapper.framework; name = QuartzCore.framework; path = System/Library/Frameworks/QuartzCore.framework; sourceTree = SDKROOT; };
		1A9A004BA1AEEDFB323F1BF1 /* Default-568h@2x.png */ = {isa = PBXFileReference; lastKnownFileType = image.png; path = "Default-568h@2x.png"; sourceTree = "<group>"; };
		1A9A01092CD820A0D4E7668A /* TestVKStorageItem.h */ = {isa = PBXFileReference; fileEncoding = 4; lastKnownFileType = sourcecode.c.h; path = TestVKStorageItem.h; sourceTree = "<group>"; };
		1A9A012B64B363BA7A308645 /* VKStorageItem.m */ = {isa = PBXFileReference; fileEncoding = 4; lastKnownFileType = sourcecode.c.objc; path = VKStorageItem.m; sourceTree = "<group>"; };
		1A9A013558F70E6C9F110E6B /* TestVKCachedData.h */ = {isa = PBXFileReference; fileEncoding = 4; lastKnownFileType = sourcecode.c.h; path = TestVKCachedData.h; sourceTree = "<group>"; };
		1A9A01A646C80EBAB91B47DC /* NSString+MD5.m */ = {isa = PBXFileReference; fileEncoding = 4; lastKnownFileType = sourcecode.c.objc; path = "NSString+MD5.m"; sourceTree = "<group>"; };
		1A9A01D617DF81896B8D4019 /* ASAViewController.m */ = {isa = PBXFileReference; lastKnownFileType = sourcecode.c.objc; path = ASAViewController.m; sourceTree = "<group>"; };
		1A9A01FAEB437DA940BE21D3 /* Default.png */ = {isa = PBXFileReference; lastKnownFileType = image.png; path = Default.png; sourceTree = "<group>"; };
		1A9A029513763795734C257E /* en */ = {isa = PBXFileReference; lastKnownFileType = text.plist.strings; name = en; path = en.lproj/InfoPlist.strings; sourceTree = "<group>"; };
		1A9A02958D9F6402A11822A1 /* TestVKStorageItem.m */ = {isa = PBXFileReference; fileEncoding = 4; lastKnownFileType = sourcecode.c.objc; path = TestVKStorageItem.m; sourceTree = "<group>"; };
		1A9A02B420D4C18F3B8E9D02 /* NSData+toBase64.h */ = {isa = PBXFileReference; fileEncoding = 4; lastKnownFileType = sourcecode.c.h; path = "NSData+toBase64.h"; sourceTree = "<group>"; };
		1A9A02C5DBF46A0D815447E5 /* TestVKStorage.h */ = {isa = PBXFileReference; fileEncoding = 4; lastKnownFileType = sourcecode.c.h; path = TestVKStorage.h; sourceTree = "<group>"; };
		1A9A03157252B971B6A162BE /* en */ = {isa = PBXFileReference; lastKnownFileType = file.xib; name = en; path = en.lproj/ASAViewController.xib; sourceTree = "<group>"; };
		1A9A0363595651DB5E0C6742 /* VKAccessToken.h */ = {isa = PBXFileReference; fileEncoding = 4; lastKnownFileType = sourcecode.c.h; path = VKAccessToken.h; sourceTree = "<group>"; };
		1A9A0377E703BB3407CC9A12 /* TestVKStorage.m */ = {isa = PBXFileReference; fileEncoding = 4; lastKnownFileType = sourcecode.c.objc; path = TestVKStorage.m; sourceTree = "<group>"; };
		1A9A03B4B1B88B26D8772CA6 /* Project-Info.plist */ = {isa = PBXFileReference; lastKnownFileType = text.plist.info; path = "Project-Info.plist"; sourceTree = "<group>"; };
		1A9A0408BCE7970F71316B48 /* NSData+toBase64.m */ = {isa = PBXFileReference; fileEncoding = 4; lastKnownFileType = sourcecode.c.objc; path = "NSData+toBase64.m"; sourceTree = "<group>"; };
		1A9A040BBF24EA2005BFF626 /* VKMethods.h */ = {isa = PBXFileReference; fileEncoding = 4; lastKnownFileType = sourcecode.c.h; path = VKMethods.h; sourceTree = "<group>"; };
		1A9A048817EBDCBE41807922 /* VKCachedData.h */ = {isa = PBXFileReference; fileEncoding = 4; lastKnownFileType = sourcecode.c.h; path = VKCachedData.h; sourceTree = "<group>"; };
		1A9A04A8D58F872181133C3A /* VKAccessToken.m */ = {isa = PBXFileReference; fileEncoding = 4; lastKnownFileType = sourcecode.c.objc; path = VKAccessToken.m; sourceTree = "<group>"; };
		1A9A04BCFA39A5A8BC40DAFD /* VKUser.m */ = {isa = PBXFileReference; fileEncoding = 4; lastKnownFileType = sourcecode.c.objc; path = VKUser.m; sourceTree = "<group>"; };
		1A9A055705F2429D59037715 /* VKStorageItem.h */ = {isa = PBXFileReference; fileEncoding = 4; lastKnownFileType = sourcecode.c.h; path = VKStorageItem.h; sourceTree = "<group>"; };
		1A9A057E985BF3AD5EFB823E /* VKModal.h */ = {isa = PBXFileReference; fileEncoding = 4; lastKnownFileType = sourcecode.c.h; path = VKModal.h; sourceTree = "<group>"; };
		1A9A06044CE209AFCCB60357 /* ASAAppDelegate.h */ = {isa = PBXFileReference; lastKnownFileType = sourcecode.c.h; path = ASAAppDelegate.h; sourceTree = "<group>"; };
		1A9A06EE15EF6ED3A67FF340 /* VKModal.m */ = {isa = PBXFileReference; fileEncoding = 4; lastKnownFileType = sourcecode.c.objc; path = VKModal.m; sourceTree = "<group>"; };
		1A9A07C45F1C8D8BC821FB52 /* Project-Prefix.pch */ = {isa = PBXFileReference; lastKnownFileType = sourcecode.c.h; path = "Project-Prefix.pch"; sourceTree = "<group>"; };
		1A9A07D8CDD07F73FC5F8543 /* VKConnector.m */ = {isa = PBXFileReference; fileEncoding = 4; lastKnownFileType = sourcecode.c.objc; path = VKConnector.m; sourceTree = "<group>"; };
		1A9A086C5F5EEDC2CBB27DE4 /* ASAAppDelegate.m */ = {isa = PBXFileReference; lastKnownFileType = sourcecode.c.objc; path = ASAAppDelegate.m; sourceTree = "<group>"; };
		1A9A0872BA5F01364902C76C /* Project.app */ = {isa = PBXFileReference; explicitFileType = wrapper.application; includeInIndex = 0; path = Project.app; sourceTree = BUILT_PRODUCTS_DIR; };
		1A9A09184C65874073214DF2 /* NSString+toBase64.m */ = {isa = PBXFileReference; fileEncoding = 4; lastKnownFileType = sourcecode.c.objc; path = "NSString+toBase64.m"; sourceTree = "<group>"; };
		1A9A09409D04EA6F8B7BC1F5 /* VKConnector.h */ = {isa = PBXFileReference; fileEncoding = 4; lastKnownFileType = sourcecode.c.h; path = VKConnector.h; sourceTree = "<group>"; };
		1A9A096027F402AF6A3D38C1 /* Foundation.framework */ = {isa = PBXFileReference; lastKnownFileType = wrapper.framework; name = Foundation.framework; path = System/Library/Frameworks/Foundation.framework; sourceTree = SDKROOT; };
		1A9A096E26F4B35033B4ED42 /* VKRequest.m */ = {isa = PBXFileReference; fileEncoding = 4; lastKnownFileType = sourcecode.c.objc; path = VKRequest.m; sourceTree = "<group>"; };
		1A9A09C122E5CF36FD9674B8 /* main.m */ = {isa = PBXFileReference; lastKnownFileType = sourcecode.c.objc; path = main.m; sourceTree = "<group>"; };
		1A9A0A4D128A25F3CAE32971 /* VKRequest.h */ = {isa = PBXFileReference; fileEncoding = 4; lastKnownFileType = sourcecode.c.h; path = VKRequest.h; sourceTree = "<group>"; };
		1A9A0AC020FD66F699CE434E /* VKUser.h */ = {isa = PBXFileReference; fileEncoding = 4; lastKnownFileType = sourcecode.c.h; path = VKUser.h; sourceTree = "<group>"; };
		1A9A0B261588ADDCB3B78A56 /* CoreGraphics.framework */ = {isa = PBXFileReference; lastKnownFileType = wrapper.framework; name = CoreGraphics.framework; path = System/Library/Frameworks/CoreGraphics.framework; sourceTree = SDKROOT; };
		1A9A0B4DDC7145E148738544 /* TestVKAccessToken.h */ = {isa = PBXFileReference; fileEncoding = 4; lastKnownFileType = sourcecode.c.h; path = TestVKAccessToken.h; sourceTree = "<group>"; };
		1A9A0B96A7DE82D1C516811A /* NSString+toBase64.h */ = {isa = PBXFileReference; fileEncoding = 4; lastKnownFileType = sourcecode.c.h; path = "NSString+toBase64.h"; sourceTree = "<group>"; };
		1A9A0C0795C26F6C2BC7F8C0 /* NSString+encodeURL.h */ = {isa = PBXFileReference; fileEncoding = 4; lastKnownFileType = sourcecode.c.h; path = "NSString+encodeURL.h"; sourceTree = "<group>"; };
		1A9A0C59427298DCF6A6DD29 /* Default@2x.png */ = {isa = PBXFileReference; lastKnownFileType = image.png; path = "Default@2x.png"; sourceTree = "<group>"; };
		1A9A0C815B0217E782A2DA92 /* VKStorage.h */ = {isa = PBXFileReference; fileEncoding = 4; lastKnownFileType = sourcecode.c.h; path = VKStorage.h; sourceTree = "<group>"; };
		1A9A0C8FF91D8F22139BB4D7 /* TestVKAccessToken.m */ = {isa = PBXFileReference; fileEncoding = 4; lastKnownFileType = sourcecode.c.objc; path = TestVKAccessToken.m; sourceTree = "<group>"; };
		1A9A0D112F6CAF510A9ADBB8 /* VKCachedData.m */ = {isa = PBXFileReference; fileEncoding = 4; lastKnownFileType = sourcecode.c.objc; path = VKCachedData.m; sourceTree = "<group>"; };
		1A9A0D576F77FB86579EDC64 /* UIKit.framework */ = {isa = PBXFileReference; lastKnownFileType = wrapper.framework; name = UIKit.framework; path = System/Library/Frameworks/UIKit.framework; sourceTree = SDKROOT; };
		1A9A0D67B051B072C5311A86 /* TestVKCachedData.m */ = {isa = PBXFileReference; fileEncoding = 4; lastKnownFileType = sourcecode.c.objc; path = TestVKCachedData.m; sourceTree = "<group>"; };
		1A9A0D81099D4EA4D9E7F018 /* NSString+encodeURL.m */ = {isa = PBXFileReference; fileEncoding = 4; lastKnownFileType = sourcecode.c.objc; path = "NSString+encodeURL.m"; sourceTree = "<group>"; };
		1A9A0EA586AA8FE6205669CB /* NSString+MD5.h */ = {isa = PBXFileReference; fileEncoding = 4; lastKnownFileType = sourcecode.c.h; path = "NSString+MD5.h"; sourceTree = "<group>"; };
		1A9A0ED960905FE7D74CEFF7 /* VKStorage.m */ = {isa = PBXFileReference; fileEncoding = 4; lastKnownFileType = sourcecode.c.objc; path = VKStorage.m; sourceTree = "<group>"; };
		1A9A0F527EF608191560F646 /* ASAViewController.h */ = {isa = PBXFileReference; lastKnownFileType = sourcecode.c.h; path = ASAViewController.h; sourceTree = "<group>"; };
		D52DDC8E177EDDAF00E05B30 /* SenTestingKit.framework */ = {isa = PBXFileReference; lastKnownFileType = wrapper.framework; name = SenTestingKit.framework; path = Library/Frameworks/SenTestingKit.framework; sourceTree = DEVELOPER_DIR; };
		D574AC57177DF1DF00DC36F9 /* CoreData.framework */ = {isa = PBXFileReference; lastKnownFileType = wrapper.framework; name = CoreData.framework; path = System/Library/Frameworks/CoreData.framework; sourceTree = SDKROOT; };
		D574AC76177DF3D900DC36F9 /* AppleDoc.app */ = {isa = PBXFileReference; explicitFileType = wrapper.application; includeInIndex = 0; path = AppleDoc.app; sourceTree = BUILT_PRODUCTS_DIR; };
		D574AC7C177DF3D900DC36F9 /* AppleDoc-Info.plist */ = {isa = PBXFileReference; lastKnownFileType = text.plist.xml; path = "AppleDoc-Info.plist"; sourceTree = "<group>"; };
		D574AC7E177DF3D900DC36F9 /* en */ = {isa = PBXFileReference; lastKnownFileType = text.plist.strings; name = en; path = en.lproj/InfoPlist.strings; sourceTree = "<group>"; };
		D574AC80177DF3D900DC36F9 /* main.m */ = {isa = PBXFileReference; lastKnownFileType = sourcecode.c.objc; path = main.m; sourceTree = "<group>"; };
		D574AC82177DF3D900DC36F9 /* AppleDoc-Prefix.pch */ = {isa = PBXFileReference; lastKnownFileType = sourcecode.c.h; path = "AppleDoc-Prefix.pch"; sourceTree = "<group>"; };
		D574AC83177DF3D900DC36F9 /* AppDelegate.h */ = {isa = PBXFileReference; lastKnownFileType = sourcecode.c.h; path = AppDelegate.h; sourceTree = "<group>"; };
		D574AC84177DF3D900DC36F9 /* AppDelegate.m */ = {isa = PBXFileReference; lastKnownFileType = sourcecode.c.objc; path = AppDelegate.m; sourceTree = "<group>"; };
		D574AC86177DF3D900DC36F9 /* Default.png */ = {isa = PBXFileReference; lastKnownFileType = image.png; path = Default.png; sourceTree = "<group>"; };
		D574AC88177DF3D900DC36F9 /* Default@2x.png */ = {isa = PBXFileReference; lastKnownFileType = image.png; path = "Default@2x.png"; sourceTree = "<group>"; };
		D574AC8A177DF3D900DC36F9 /* Default-568h@2x.png */ = {isa = PBXFileReference; lastKnownFileType = image.png; path = "Default-568h@2x.png"; sourceTree = "<group>"; };
		D5F19C60177EDF8E005C49F7 /* UnitTests.octest */ = {isa = PBXFileReference; explicitFileType = wrapper.cfbundle; includeInIndex = 0; path = UnitTests.octest; sourceTree = BUILT_PRODUCTS_DIR; };
		D5F19C66177EDF8E005C49F7 /* UnitTests-Info.plist */ = {isa = PBXFileReference; lastKnownFileType = text.plist.xml; path = "UnitTests-Info.plist"; sourceTree = "<group>"; };
		D5F19C68177EDF8E005C49F7 /* en */ = {isa = PBXFileReference; lastKnownFileType = text.plist.strings; name = en; path = en.lproj/InfoPlist.strings; sourceTree = "<group>"; };
		D5F19C6D177EDF8E005C49F7 /* UnitTests-Prefix.pch */ = {isa = PBXFileReference; lastKnownFileType = sourcecode.c.h; path = "UnitTests-Prefix.pch"; sourceTree = "<group>"; };
/* End PBXFileReference section */

/* Begin PBXFrameworksBuildPhase section */
		1A9A052947BEA638CCB864EB /* Frameworks */ = {
			isa = PBXFrameworksBuildPhase;
			buildActionMask = 2147483647;
			files = (
				1A9A0B5774848F2DD67471E0 /* UIKit.framework in Frameworks */,
				1A9A0BCA16D4DA5C0D2EC755 /* Foundation.framework in Frameworks */,
				1A9A0FE389977F4F8BD62717 /* CoreGraphics.framework in Frameworks */,
				1A9A0356CF04E23A19A1C5C7 /* QuartzCore.framework in Frameworks */,
			);
			runOnlyForDeploymentPostprocessing = 0;
		};
		D574AC73177DF3D900DC36F9 /* Frameworks */ = {
			isa = PBXFrameworksBuildPhase;
			buildActionMask = 2147483647;
			files = (
				D574AC77177DF3D900DC36F9 /* UIKit.framework in Frameworks */,
				D574AC78177DF3D900DC36F9 /* Foundation.framework in Frameworks */,
				D574AC79177DF3D900DC36F9 /* CoreGraphics.framework in Frameworks */,
			);
			runOnlyForDeploymentPostprocessing = 0;
		};
		D5F19C5C177EDF8E005C49F7 /* Frameworks */ = {
			isa = PBXFrameworksBuildPhase;
			buildActionMask = 2147483647;
			files = (
				D5F19C61177EDF8E005C49F7 /* SenTestingKit.framework in Frameworks */,
				D5F19C62177EDF8E005C49F7 /* UIKit.framework in Frameworks */,
				D5F19C63177EDF8E005C49F7 /* Foundation.framework in Frameworks */,
			);
			runOnlyForDeploymentPostprocessing = 0;
		};
/* End PBXFrameworksBuildPhase section */

/* Begin PBXGroup section */
		1A9A00E3C0F27458E987CD98 /* Supporting Files */ = {
			isa = PBXGroup;
			children = (
				1A9A03B4B1B88B26D8772CA6 /* Project-Info.plist */,
				1A9A00DD76AA04D361325C54 /* InfoPlist.strings */,
				1A9A09C122E5CF36FD9674B8 /* main.m */,
				1A9A07C45F1C8D8BC821FB52 /* Project-Prefix.pch */,
				1A9A01FAEB437DA940BE21D3 /* Default.png */,
				1A9A0C59427298DCF6A6DD29 /* Default@2x.png */,
				1A9A004BA1AEEDFB323F1BF1 /* Default-568h@2x.png */,
			);
			name = "Supporting Files";
			sourceTree = "<group>";
		};
		1A9A0156FA64611C577B4034 /* Helpers */ = {
			isa = PBXGroup;
			children = (
				1A9A02B420D4C18F3B8E9D02 /* NSData+toBase64.h */,
				1A9A0408BCE7970F71316B48 /* NSData+toBase64.m */,
				1A9A0C0795C26F6C2BC7F8C0 /* NSString+encodeURL.h */,
				1A9A0D81099D4EA4D9E7F018 /* NSString+encodeURL.m */,
				1A9A0B96A7DE82D1C516811A /* NSString+toBase64.h */,
				1A9A09184C65874073214DF2 /* NSString+toBase64.m */,
				1A9A01A646C80EBAB91B47DC /* NSString+MD5.m */,
				1A9A0EA586AA8FE6205669CB /* NSString+MD5.h */,
			);
			path = Helpers;
			sourceTree = "<group>";
		};
		1A9A021843E1B91E8D61CA0A /* Products */ = {
			isa = PBXGroup;
			children = (
				1A9A0872BA5F01364902C76C /* Project.app */,
				D574AC76177DF3D900DC36F9 /* AppleDoc.app */,
				D5F19C60177EDF8E005C49F7 /* UnitTests.octest */,
			);
			name = Products;
			sourceTree = "<group>";
		};
		1A9A022F440B56CF23EC8CC5 /* VKStorageItem */ = {
			isa = PBXGroup;
			children = (
				1A9A055705F2429D59037715 /* VKStorageItem.h */,
				1A9A012B64B363BA7A308645 /* VKStorageItem.m */,
			);
			path = VKStorageItem;
			sourceTree = "<group>";
		};
		1A9A03B32FE41F0DE7BB6C0B /* VKStorageItem */ = {
			isa = PBXGroup;
			children = (
				1A9A091D1C185FEAFAED5322 /* VKCachedData */,
				1A9A092ED4BD136BDB8122D1 /* VKAccessToken */,
				1A9A022F440B56CF23EC8CC5 /* VKStorageItem */,
			);
			path = VKStorageItem;
			sourceTree = "<group>";
		};
		1A9A03F37447CDE95F6109F2 /* VKConnector */ = {
			isa = PBXGroup;
			children = (
				1A9A07D8CDD07F73FC5F8543 /* VKConnector.m */,
				1A9A09409D04EA6F8B7BC1F5 /* VKConnector.h */,
				1A9A0A26C549EED1A2137BFF /* VKRequest */,
				1A9A040BBF24EA2005BFF626 /* VKMethods.h */,
			);
			path = VKConnector;
			sourceTree = "<group>";
		};
		1A9A040E3BCC9082079CFFE6 /* KGModal */ = {
			isa = PBXGroup;
			children = (
				1A9A057E985BF3AD5EFB823E /* VKModal.h */,
				1A9A06EE15EF6ED3A67FF340 /* VKModal.m */,
			);
			path = KGModal;
			sourceTree = "<group>";
		};
		1A9A06ECC1B971F262B4F132 /* Libraries */ = {
			isa = PBXGroup;
			children = (
				1A9A040E3BCC9082079CFFE6 /* KGModal */,
				1A9A0156FA64611C577B4034 /* Helpers */,
			);
			path = Libraries;
			sourceTree = "<group>";
		};
		1A9A0802291A0ABB48F837E4 /* VKUser */ = {
			isa = PBXGroup;
			children = (
				1A9A0AC020FD66F699CE434E /* VKUser.h */,
				1A9A04BCFA39A5A8BC40DAFD /* VKUser.m */,
			);
			path = VKUser;
			sourceTree = "<group>";
		};
		1A9A08D92DB1EF47C34EDC87 /* Frameworks */ = {
			isa = PBXGroup;
			children = (
				1A9A0D576F77FB86579EDC64 /* UIKit.framework */,
				1A9A096027F402AF6A3D38C1 /* Foundation.framework */,
				1A9A0B261588ADDCB3B78A56 /* CoreGraphics.framework */,
				D574AC57177DF1DF00DC36F9 /* CoreData.framework */,
				1A9A0019D60C4FB08AA755A3 /* QuartzCore.framework */,
				D52DDC8E177EDDAF00E05B30 /* SenTestingKit.framework */,
			);
			name = Frameworks;
			sourceTree = "<group>";
		};
		1A9A091D1C185FEAFAED5322 /* VKCachedData */ = {
			isa = PBXGroup;
			children = (
				1A9A048817EBDCBE41807922 /* VKCachedData.h */,
				1A9A0D112F6CAF510A9ADBB8 /* VKCachedData.m */,
			);
			path = VKCachedData;
			sourceTree = "<group>";
		};
		1A9A092ED4BD136BDB8122D1 /* VKAccessToken */ = {
			isa = PBXGroup;
			children = (
				1A9A0363595651DB5E0C6742 /* VKAccessToken.h */,
				1A9A04A8D58F872181133C3A /* VKAccessToken.m */,
			);
			path = VKAccessToken;
			sourceTree = "<group>";
		};
		1A9A0A26C549EED1A2137BFF /* VKRequest */ = {
			isa = PBXGroup;
			children = (
				1A9A096E26F4B35033B4ED42 /* VKRequest.m */,
				1A9A0A4D128A25F3CAE32971 /* VKRequest.h */,
			);
			path = VKRequest;
			sourceTree = "<group>";
		};
		1A9A0A45A52FEE8C137A374B = {
			isa = PBXGroup;
			children = (
				D574AC7A177DF3D900DC36F9 /* AppleDoc */,
				D5F19C64177EDF8E005C49F7 /* UnitTests */,
				1A9A021843E1B91E8D61CA0A /* Products */,
				1A9A08D92DB1EF47C34EDC87 /* Frameworks */,
				1A9A0BFAB67423F6630F5BDB /* Project */,
				1A9A0DC861175D34C9C2D8E9 /* Vkontakte-iOS-SDK-v2.0 */,
			);
			sourceTree = "<group>";
		};
		1A9A0B4F27FB161C816F1022 /* VKStorage */ = {
			isa = PBXGroup;
			children = (
				1A9A0C815B0217E782A2DA92 /* VKStorage.h */,
				1A9A0ED960905FE7D74CEFF7 /* VKStorage.m */,
				1A9A03B32FE41F0DE7BB6C0B /* VKStorageItem */,
			);
			path = VKStorage;
			sourceTree = "<group>";
		};
		1A9A0BFAB67423F6630F5BDB /* Project */ = {
			isa = PBXGroup;
			children = (
				1A9A00E3C0F27458E987CD98 /* Supporting Files */,
				1A9A06044CE209AFCCB60357 /* ASAAppDelegate.h */,
				1A9A086C5F5EEDC2CBB27DE4 /* ASAAppDelegate.m */,
				1A9A0F527EF608191560F646 /* ASAViewController.h */,
				1A9A01D617DF81896B8D4019 /* ASAViewController.m */,
				1A9A00094B3E2A8AD54E023E /* ASAViewController.xib */,
			);
			path = Project;
			sourceTree = "<group>";
		};
		1A9A0DC861175D34C9C2D8E9 /* Vkontakte-iOS-SDK-v2.0 */ = {
			isa = PBXGroup;
			children = (
				1A9A06ECC1B971F262B4F132 /* Libraries */,
				1A9A03F37447CDE95F6109F2 /* VKConnector */,
				1A9A0B4F27FB161C816F1022 /* VKStorage */,
				1A9A0802291A0ABB48F837E4 /* VKUser */,
			);
			path = "Vkontakte-iOS-SDK-v2.0";
			sourceTree = "<group>";
		};
		D574AC7A177DF3D900DC36F9 /* AppleDoc */ = {
			isa = PBXGroup;
			children = (
				D574AC83177DF3D900DC36F9 /* AppDelegate.h */,
				D574AC84177DF3D900DC36F9 /* AppDelegate.m */,
				D574AC7B177DF3D900DC36F9 /* Supporting Files */,
			);
			path = AppleDoc;
			sourceTree = "<group>";
		};
		D574AC7B177DF3D900DC36F9 /* Supporting Files */ = {
			isa = PBXGroup;
			children = (
				D574AC7C177DF3D900DC36F9 /* AppleDoc-Info.plist */,
				D574AC7D177DF3D900DC36F9 /* InfoPlist.strings */,
				D574AC80177DF3D900DC36F9 /* main.m */,
				D574AC82177DF3D900DC36F9 /* AppleDoc-Prefix.pch */,
				D574AC86177DF3D900DC36F9 /* Default.png */,
				D574AC88177DF3D900DC36F9 /* Default@2x.png */,
				D574AC8A177DF3D900DC36F9 /* Default-568h@2x.png */,
			);
			name = "Supporting Files";
			sourceTree = "<group>";
		};
		D5F19C64177EDF8E005C49F7 /* UnitTests */ = {
			isa = PBXGroup;
			children = (
				D5F19C65177EDF8E005C49F7 /* Supporting Files */,
				1A9A0B4DDC7145E148738544 /* TestVKAccessToken.h */,
				1A9A0C8FF91D8F22139BB4D7 /* TestVKAccessToken.m */,
				1A9A013558F70E6C9F110E6B /* TestVKCachedData.h */,
				1A9A0D67B051B072C5311A86 /* TestVKCachedData.m */,
				1A9A01092CD820A0D4E7668A /* TestVKStorageItem.h */,
				1A9A02958D9F6402A11822A1 /* TestVKStorageItem.m */,
				1A9A02C5DBF46A0D815447E5 /* TestVKStorage.h */,
				1A9A0377E703BB3407CC9A12 /* TestVKStorage.m */,
			);
			path = UnitTests;
			sourceTree = "<group>";
		};
		D5F19C65177EDF8E005C49F7 /* Supporting Files */ = {
			isa = PBXGroup;
			children = (
				D5F19C66177EDF8E005C49F7 /* UnitTests-Info.plist */,
				D5F19C67177EDF8E005C49F7 /* InfoPlist.strings */,
				D5F19C6D177EDF8E005C49F7 /* UnitTests-Prefix.pch */,
			);
			name = "Supporting Files";
			sourceTree = "<group>";
		};
/* End PBXGroup section */

/* Begin PBXNativeTarget section */
		1A9A0EABB17090BD9F6AF610 /* Project */ = {
			isa = PBXNativeTarget;
			buildConfigurationList = 1A9A0613DE9AB872D6B48485 /* Build configuration list for PBXNativeTarget "Project" */;
			buildPhases = (
				1A9A07DE9E124C7DC054E158 /* Sources */,
				1A9A052947BEA638CCB864EB /* Frameworks */,
				1A9A0DD4D93A95B9A353AF3A /* Resources */,
			);
			buildRules = (
			);
			dependencies = (
			);
			name = Project;
			productName = Project;
			productReference = 1A9A0872BA5F01364902C76C /* Project.app */;
			productType = "com.apple.product-type.application";
		};
		D574AC75177DF3D900DC36F9 /* AppleDoc */ = {
			isa = PBXNativeTarget;
			buildConfigurationList = D574AC8C177DF3D900DC36F9 /* Build configuration list for PBXNativeTarget "AppleDoc" */;
			buildPhases = (
				D574AC72177DF3D900DC36F9 /* Sources */,
				D574AC73177DF3D900DC36F9 /* Frameworks */,
				D574AC74177DF3D900DC36F9 /* Resources */,
				D574AC8F177DF3DF00DC36F9 /* ShellScript */,
			);
			buildRules = (
			);
			dependencies = (
			);
			name = AppleDoc;
			productName = AppleDoc;
			productReference = D574AC76177DF3D900DC36F9 /* AppleDoc.app */;
			productType = "com.apple.product-type.application";
		};
		D5F19C5F177EDF8E005C49F7 /* UnitTests */ = {
			isa = PBXNativeTarget;
			buildConfigurationList = D5F19C70177EDF8E005C49F7 /* Build configuration list for PBXNativeTarget "UnitTests" */;
			buildPhases = (
				D5F19C5B177EDF8E005C49F7 /* Sources */,
				D5F19C5C177EDF8E005C49F7 /* Frameworks */,
				D5F19C5D177EDF8E005C49F7 /* Resources */,
				D5F19C5E177EDF8E005C49F7 /* ShellScript */,
			);
			buildRules = (
			);
			dependencies = (
			);
			name = UnitTests;
			productName = UnitTests;
			productReference = D5F19C60177EDF8E005C49F7 /* UnitTests.octest */;
			productType = "com.apple.product-type.bundle";
		};
/* End PBXNativeTarget section */

/* Begin PBXProject section */
		1A9A01BA70759ADB9ABB132C /* Project object */ = {
			isa = PBXProject;
			attributes = {
				ORGANIZATIONNAME = AndrewShmig;
			};
			buildConfigurationList = 1A9A0CCEEBF1B2AD12373954 /* Build configuration list for PBXProject "Project" */;
			compatibilityVersion = "Xcode 3.2";
			developmentRegion = English;
			hasScannedForEncodings = 0;
			knownRegions = (
				en,
			);
			mainGroup = 1A9A0A45A52FEE8C137A374B;
			productRefGroup = 1A9A021843E1B91E8D61CA0A /* Products */;
			projectDirPath = "";
			projectRoot = "";
			targets = (
				1A9A0EABB17090BD9F6AF610 /* Project */,
				D574AC75177DF3D900DC36F9 /* AppleDoc */,
				D5F19C5F177EDF8E005C49F7 /* UnitTests */,
			);
		};
/* End PBXProject section */

/* Begin PBXResourcesBuildPhase section */
		1A9A0DD4D93A95B9A353AF3A /* Resources */ = {
			isa = PBXResourcesBuildPhase;
			buildActionMask = 2147483647;
			files = (
				1A9A03C1A66511E10B16ADCA /* InfoPlist.strings in Resources */,
				1A9A0024B9B75236BAB9CB97 /* Default.png in Resources */,
				1A9A02598E50190CB66C637D /* Default@2x.png in Resources */,
				1A9A0ED27FA326205D40FB0B /* Default-568h@2x.png in Resources */,
				1A9A097D690011CE4A2E4E3B /* ASAViewController.xib in Resources */,
			);
			runOnlyForDeploymentPostprocessing = 0;
		};
		D574AC74177DF3D900DC36F9 /* Resources */ = {
			isa = PBXResourcesBuildPhase;
			buildActionMask = 2147483647;
			files = (
				D574AC7F177DF3D900DC36F9 /* InfoPlist.strings in Resources */,
				D574AC87177DF3D900DC36F9 /* Default.png in Resources */,
				D574AC89177DF3D900DC36F9 /* Default@2x.png in Resources */,
				D574AC8B177DF3D900DC36F9 /* Default-568h@2x.png in Resources */,
			);
			runOnlyForDeploymentPostprocessing = 0;
		};
		D5F19C5D177EDF8E005C49F7 /* Resources */ = {
			isa = PBXResourcesBuildPhase;
			buildActionMask = 2147483647;
			files = (
				D5F19C69177EDF8E005C49F7 /* InfoPlist.strings in Resources */,
			);
			runOnlyForDeploymentPostprocessing = 0;
		};
/* End PBXResourcesBuildPhase section */

/* Begin PBXShellScriptBuildPhase section */
		D574AC8F177DF3DF00DC36F9 /* ShellScript */ = {
			isa = PBXShellScriptBuildPhase;
			buildActionMask = 2147483647;
			files = (
			);
			inputPaths = (
			);
			outputPaths = (
			);
			runOnlyForDeploymentPostprocessing = 0;
			shellPath = /bin/sh;
			shellScript = "/usr/local/bin/appledoc \\\n--project-name \"Vkontakte-iOS-SDK-v2.0\" \\\n--project-company \"AndrewShmig\" \\\n--company-id \"com.andrewshmig\" \\\n--docset-atom-filename \"DTFoundation.atom\" \\\n--docset-feed-url \"http://cocoanetics.github.com/DTFoundation/%DOCSETATOMFILENAME\" \\\n--docset-package-url \"http://cocoanetics.github.com/DTFoundation/%DOCSETPACKAGEFILENAME\" \\\n--docset-fallback-url \"http://cocoanetics.github.com/DTFoundation/\" \\\n--output \"${PROJECT_DIR}/Vkontakte-iOS-SDK-v2.0/docs\" \\\n--publish-docset \\\n--logformat xcode \\\n--keep-undocumented-objects \\\n--keep-undocumented-members \\\n--keep-intermediate-files \\\n--no-repeat-first-par \\\n--no-warn-invalid-crossref \\\n--ignore \"*.m\" \\\n--ignore \"ASAAppDelegate.h\" \\\n--ignore \"ASAViewController.h\" \\\n--ignore \"AppDelegate.h\" \\\n--ignore \"TestVKAccessToken.h\" \\\n--ignore \"TestVKCachedData.h\" \\\n--ignore \"TestVKStorage.h\" \\\n--ignore \"TestVKStorageItem.h\" \\\n--ignore \"KGModal.h\" \\\n--ignore \"LoadableCategory.h\" \\\n\"${PROJECT_DIR}\"";
		};
		D5F19C5E177EDF8E005C49F7 /* ShellScript */ = {
			isa = PBXShellScriptBuildPhase;
			buildActionMask = 2147483647;
			files = (
			);
			inputPaths = (
			);
			outputPaths = (
			);
			runOnlyForDeploymentPostprocessing = 0;
			shellPath = /bin/sh;
			shellScript = "# Run the unit tests in this test bundle.\n\"${SYSTEM_DEVELOPER_DIR}/Tools/RunUnitTests\"\n";
		};
/* End PBXShellScriptBuildPhase section */

/* Begin PBXSourcesBuildPhase section */
		1A9A07DE9E124C7DC054E158 /* Sources */ = {
			isa = PBXSourcesBuildPhase;
			buildActionMask = 2147483647;
			files = (
				1A9A0F1A3CFAD1E514FB7238 /* main.m in Sources */,
				1A9A09B3B79A22F26C2ACB6D /* ASAAppDelegate.m in Sources */,
				1A9A0D5EAE2CE21BC15FFBF7 /* ASAViewController.m in Sources */,
				1A9A011E8C185DA69EC94598 /* VKConnector.m in Sources */,
				1A9A025ECA97FABED01E422B /* VKRequest.m in Sources */,
				1A9A0DD47515F95ADAEF3A8C /* VKModal.m in Sources */,
				1A9A03BCFC95A21B0D4FD1D1 /* NSData+toBase64.m in Sources */,
				1A9A0DB10B41CF64A4C1D9BF /* NSString+encodeURL.m in Sources */,
				1A9A09A00CEB8B8E324E1FC2 /* NSString+toBase64.m in Sources */,
				1A9A0A859D68C8CBF343123F /* VKStorage.m in Sources */,
				1A9A00C730EE4ED0A8DB6525 /* VKCachedData.m in Sources */,
				1A9A058FF7FE0FA0F58D4F4F /* VKAccessToken.m in Sources */,
				1A9A035C982044EF0B44E60E /* VKStorageItem.m in Sources */,
				1A9A092DB24511CF6627EA72 /* VKUser.m in Sources */,
				1A9A0DECA8CD7142178AB79C /* NSString+MD5.m in Sources */,
			);
			runOnlyForDeploymentPostprocessing = 0;
		};
		D574AC72177DF3D900DC36F9 /* Sources */ = {
			isa = PBXSourcesBuildPhase;
			buildActionMask = 2147483647;
			files = (
				D574AC81177DF3D900DC36F9 /* main.m in Sources */,
				D574AC85177DF3D900DC36F9 /* AppDelegate.m in Sources */,
			);
			runOnlyForDeploymentPostprocessing = 0;
		};
		D5F19C5B177EDF8E005C49F7 /* Sources */ = {
			isa = PBXSourcesBuildPhase;
			buildActionMask = 2147483647;
			files = (
				1A9A0162E5128362355B2120 /* TestVKAccessToken.m in Sources */,
				1A9A0A4D2216BBB5CD07A829 /* TestVKCachedData.m in Sources */,
				1A9A0195EDAB653A84BAD551 /* NSData+toBase64.m in Sources */,
				1A9A017C66A945A072C9BD11 /* NSString+encodeURL.m in Sources */,
				1A9A0CC746ED5FDCCDB20B8D /* NSString+toBase64.m in Sources */,
				1A9A0D1D50A7272663B5CC7E /* TestVKStorageItem.m in Sources */,
				1A9A08311C09A7CF4887B5E5 /* TestVKStorage.m in Sources */,
				1A9A05DBC911C4E812F0860F /* VKStorage.m in Sources */,
				1A9A04B67B72604599DECBBD /* VKCachedData.m in Sources */,
				1A9A04615900D2E450BD829D /* VKAccessToken.m in Sources */,
				1A9A07A0D75CBCE103974F9E /* VKStorageItem.m in Sources */,
				1A9A0840C8E21B123B54E64A /* VKUser.m in Sources */,
				1A9A0200AD5816516AD241E0 /* VKRequest.m in Sources */,
				1A9A0112F366DE8432FF23CE /* NSString+MD5.m in Sources */,
			);
			runOnlyForDeploymentPostprocessing = 0;
		};
/* End PBXSourcesBuildPhase section */

/* Begin PBXVariantGroup section */
		1A9A00094B3E2A8AD54E023E /* ASAViewController.xib */ = {
			isa = PBXVariantGroup;
			children = (
				1A9A03157252B971B6A162BE /* en */,
			);
			name = ASAViewController.xib;
			sourceTree = "<group>";
		};
		1A9A00DD76AA04D361325C54 /* InfoPlist.strings */ = {
			isa = PBXVariantGroup;
			children = (
				1A9A029513763795734C257E /* en */,
			);
			name = InfoPlist.strings;
			sourceTree = "<group>";
		};
		D574AC7D177DF3D900DC36F9 /* InfoPlist.strings */ = {
			isa = PBXVariantGroup;
			children = (
				D574AC7E177DF3D900DC36F9 /* en */,
			);
			name = InfoPlist.strings;
			sourceTree = "<group>";
		};
		D5F19C67177EDF8E005C49F7 /* InfoPlist.strings */ = {
			isa = PBXVariantGroup;
			children = (
				D5F19C68177EDF8E005C49F7 /* en */,
			);
			name = InfoPlist.strings;
			sourceTree = "<group>";
		};
/* End PBXVariantGroup section */

/* Begin XCBuildConfiguration section */
		1A9A09AD0A8D172AB88DF2CC /* Debug */ = {
			isa = XCBuildConfiguration;
			buildSettings = {
				GCC_PRECOMPILE_PREFIX_HEADER = YES;
				GCC_PREFIX_HEADER = "Project/Project-Prefix.pch";
				INFOPLIST_FILE = "Project/Project-Info.plist";
				PRODUCT_NAME = "$(TARGET_NAME)";
				WRAPPER_EXTENSION = app;
			};
			name = Debug;
		};
		1A9A0AF53049EFB4D00A88DB /* Debug */ = {
			isa = XCBuildConfiguration;
			buildSettings = {
				ALWAYS_SEARCH_USER_PATHS = NO;
				CLANG_CXX_LANGUAGE_STANDARD = "gnu++0x";
				CLANG_CXX_LIBRARY = "libc++";
				CLANG_ENABLE_OBJC_ARC = YES;
				CLANG_WARN_CONSTANT_CONVERSION = YES;
				CLANG_WARN_EMPTY_BODY = YES;
				CLANG_WARN_ENUM_CONVERSION = YES;
				CLANG_WARN_INT_CONVERSION = YES;
				CLANG_WARN__DUPLICATE_METHOD_MATCH = YES;
				"CODE_SIGN_IDENTITY[sdk=iphoneos*]" = "iPhone Developer";
				COPY_PHASE_STRIP = NO;
				GCC_C_LANGUAGE_STANDARD = gnu99;
				GCC_DYNAMIC_NO_PIC = NO;
				GCC_OPTIMIZATION_LEVEL = 0;
				GCC_PREPROCESSOR_DEFINITIONS = (
					"DEBUG=1",
					"$(inherited)",
				);
				GCC_SYMBOLS_PRIVATE_EXTERN = NO;
				GCC_WARN_ABOUT_RETURN_TYPE = YES;
				GCC_WARN_UNINITIALIZED_AUTOS = YES;
				GCC_WARN_UNUSED_VARIABLE = YES;
				IPHONEOS_DEPLOYMENT_TARGET = 6.1;
				ONLY_ACTIVE_ARCH = YES;
				SDKROOT = iphoneos;
			};
			name = Debug;
		};
		1A9A0BC2A5BAB0BAB4D5FFA7 /* Release */ = {
			isa = XCBuildConfiguration;
			buildSettings = {
				GCC_PRECOMPILE_PREFIX_HEADER = YES;
				GCC_PREFIX_HEADER = "Project/Project-Prefix.pch";
				INFOPLIST_FILE = "Project/Project-Info.plist";
				PRODUCT_NAME = "$(TARGET_NAME)";
				WRAPPER_EXTENSION = app;
			};
			name = Release;
		};
		1A9A0F9323F78896AF11990C /* Release */ = {
			isa = XCBuildConfiguration;
			buildSettings = {
				ALWAYS_SEARCH_USER_PATHS = NO;
				CLANG_CXX_LANGUAGE_STANDARD = "gnu++0x";
				CLANG_CXX_LIBRARY = "libc++";
				CLANG_ENABLE_OBJC_ARC = YES;
				CLANG_WARN_CONSTANT_CONVERSION = YES;
				CLANG_WARN_EMPTY_BODY = YES;
				CLANG_WARN_ENUM_CONVERSION = YES;
				CLANG_WARN_INT_CONVERSION = YES;
				CLANG_WARN__DUPLICATE_METHOD_MATCH = YES;
				"CODE_SIGN_IDENTITY[sdk=iphoneos*]" = "iPhone Developer";
				COPY_PHASE_STRIP = YES;
				GCC_C_LANGUAGE_STANDARD = gnu99;
				GCC_WARN_ABOUT_RETURN_TYPE = YES;
				GCC_WARN_UNINITIALIZED_AUTOS = YES;
				GCC_WARN_UNUSED_VARIABLE = YES;
				IPHONEOS_DEPLOYMENT_TARGET = 6.1;
				OTHER_CFLAGS = "-DNS_BLOCK_ASSERTIONS=1";
				SDKROOT = iphoneos;
				VALIDATE_PRODUCT = YES;
			};
			name = Release;
		};
		D574AC8D177DF3D900DC36F9 /* Release */ = {
			isa = XCBuildConfiguration;
			buildSettings = {
				"CODE_SIGN_IDENTITY[sdk=iphoneos*]" = "iPhone Developer";
				GCC_PRECOMPILE_PREFIX_HEADER = YES;
				GCC_PREFIX_HEADER = "AppleDoc/AppleDoc-Prefix.pch";
				INFOPLIST_FILE = "AppleDoc/AppleDoc-Info.plist";
				PRODUCT_NAME = "$(TARGET_NAME)";
				WRAPPER_EXTENSION = app;
			};
			name = Release;
		};
		D574AC8E177DF3D900DC36F9 /* Debug */ = {
			isa = XCBuildConfiguration;
			buildSettings = {
				"CODE_SIGN_IDENTITY[sdk=iphoneos*]" = "iPhone Developer";
				GCC_PRECOMPILE_PREFIX_HEADER = YES;
				GCC_PREFIX_HEADER = "AppleDoc/AppleDoc-Prefix.pch";
				INFOPLIST_FILE = "AppleDoc/AppleDoc-Info.plist";
				PRODUCT_NAME = "$(TARGET_NAME)";
				WRAPPER_EXTENSION = app;
			};
			name = Debug;
		};
		D5F19C6E177EDF8E005C49F7 /* Release */ = {
			isa = XCBuildConfiguration;
			buildSettings = {
				FRAMEWORK_SEARCH_PATHS = (
					"\"$(SDKROOT)/Developer/Library/Frameworks\"",
					"\"$(DEVELOPER_LIBRARY_DIR)/Frameworks\"",
				);
				GCC_PRECOMPILE_PREFIX_HEADER = YES;
				GCC_PREFIX_HEADER = "UnitTests/UnitTests-Prefix.pch";
				INFOPLIST_FILE = "UnitTests/UnitTests-Info.plist";
				PRODUCT_NAME = "$(TARGET_NAME)";
				WRAPPER_EXTENSION = octest;
			};
			name = Release;
		};
		D5F19C6F177EDF8E005C49F7 /* Debug */ = {
			isa = XCBuildConfiguration;
			buildSettings = {
				FRAMEWORK_SEARCH_PATHS = (
					"\"$(SDKROOT)/Developer/Library/Frameworks\"",
					"\"$(DEVELOPER_LIBRARY_DIR)/Frameworks\"",
				);
				GCC_PRECOMPILE_PREFIX_HEADER = YES;
				GCC_PREFIX_HEADER = "UnitTests/UnitTests-Prefix.pch";
				INFOPLIST_FILE = "UnitTests/UnitTests-Info.plist";
				PRODUCT_NAME = "$(TARGET_NAME)";
				WRAPPER_EXTENSION = octest;
			};
			name = Debug;
		};
/* End XCBuildConfiguration section */

/* Begin XCConfigurationList section */
		1A9A0613DE9AB872D6B48485 /* Build configuration list for PBXNativeTarget "Project" */ = {
			isa = XCConfigurationList;
			buildConfigurations = (
				1A9A0BC2A5BAB0BAB4D5FFA7 /* Release */,
				1A9A09AD0A8D172AB88DF2CC /* Debug */,
			);
			defaultConfigurationIsVisible = 0;
			defaultConfigurationName = Release;
		};
		1A9A0CCEEBF1B2AD12373954 /* Build configuration list for PBXProject "Project" */ = {
			isa = XCConfigurationList;
			buildConfigurations = (
				1A9A0F9323F78896AF11990C /* Release */,
				1A9A0AF53049EFB4D00A88DB /* Debug */,
			);
			defaultConfigurationIsVisible = 0;
			defaultConfigurationName = Release;
		};
		D574AC8C177DF3D900DC36F9 /* Build configuration list for PBXNativeTarget "AppleDoc" */ = {
			isa = XCConfigurationList;
			buildConfigurations = (
				D574AC8D177DF3D900DC36F9 /* Release */,
				D574AC8E177DF3D900DC36F9 /* Debug */,
			);
			defaultConfigurationIsVisible = 0;
			defaultConfigurationName = Release;
		};
		D5F19C70177EDF8E005C49F7 /* Build configuration list for PBXNativeTarget "UnitTests" */ = {
			isa = XCConfigurationList;
			buildConfigurations = (
				D5F19C6E177EDF8E005C49F7 /* Release */,
				D5F19C6F177EDF8E005C49F7 /* Debug */,
			);
			defaultConfigurationIsVisible = 0;
			defaultConfigurationName = Release;
		};
/* End XCConfigurationList section */
	};
	rootObject = 1A9A01BA70759ADB9ABB132C /* Project object */;
}
